// !$*UTF8*$!
{
	archiveVersion = 1;
	classes = {
	};
	objectVersion = 56;
	objects = {

/* Begin PBXBuildFile section */
		312A7D4C2CE95539001E5DD7 /* myopia2.swift in Sources */ = {isa = PBXBuildFile; fileRef = 312A7D4B2CE95533001E5DD7 /* myopia2.swift */; };
		312A7D502CE95684001E5DD7 /* astigmatism.swift in Sources */ = {isa = PBXBuildFile; fileRef = 312A7D4F2CE95681001E5DD7 /* astigmatism.swift */; };
		312A7D522CE956AE001E5DD7 /* astigmatism2.swift in Sources */ = {isa = PBXBuildFile; fileRef = 312A7D512CE956AB001E5DD7 /* astigmatism2.swift */; };
		312A7D542CE95DB6001E5DD7 /* amblyopia.swift in Sources */ = {isa = PBXBuildFile; fileRef = 312A7D532CE95DB3001E5DD7 /* amblyopia.swift */; };
		312A7D562CEAE3E0001E5DD7 /* amblyopia2.swift in Sources */ = {isa = PBXBuildFile; fileRef = 312A7D552CEAE3DD001E5DD7 /* amblyopia2.swift */; };
		312A7D582CEBDE04001E5DD7 /* vt.swift in Sources */ = {isa = PBXBuildFile; fileRef = 312A7D572CEBDDDB001E5DD7 /* vt.swift */; };
		312A7D5A2CEBDEF1001E5DD7 /* vt2.swift in Sources */ = {isa = PBXBuildFile; fileRef = 312A7D592CEBDEEF001E5DD7 /* vt2.swift */; };
		312A7D5C2CEBE2DE001E5DD7 /* MyopiaInfo2.swift in Sources */ = {isa = PBXBuildFile; fileRef = 312A7D5B2CEBE2D8001E5DD7 /* MyopiaInfo2.swift */; };
		312A7D5E2CEBE405001E5DD7 /* AmblyopiaInfo.swift in Sources */ = {isa = PBXBuildFile; fileRef = 312A7D5D2CEBE3F6001E5DD7 /* AmblyopiaInfo.swift */; };
		312A7D602CEBE43F001E5DD7 /* AmblyopiaInfo2.swift in Sources */ = {isa = PBXBuildFile; fileRef = 312A7D5F2CEBE43A001E5DD7 /* AmblyopiaInfo2.swift */; };
		312A7D622CEBE46A001E5DD7 /* AstigmatismInfo.swift in Sources */ = {isa = PBXBuildFile; fileRef = 312A7D612CEBE464001E5DD7 /* AstigmatismInfo.swift */; };
		312A7D642CEBE4A4001E5DD7 /* AstigmatismInfo2.swift in Sources */ = {isa = PBXBuildFile; fileRef = 312A7D632CEBE4A0001E5DD7 /* AstigmatismInfo2.swift */; };
		312A7D662CEBE4D1001E5DD7 /* VTInfo.swift in Sources */ = {isa = PBXBuildFile; fileRef = 312A7D652CEBE4CC001E5DD7 /* VTInfo.swift */; };
		312A7D682CEBE4FA001E5DD7 /* VTInfo2.swift in Sources */ = {isa = PBXBuildFile; fileRef = 312A7D672CEBE4F0001E5DD7 /* VTInfo2.swift */; };
		317740632C8B5BC2001C6096 /* ContentView.swift in Sources */ = {isa = PBXBuildFile; fileRef = 317740622C8B5BC2001C6096 /* ContentView.swift */; };
		317740652C8B5BC4001C6096 /* Assets.xcassets in Resources */ = {isa = PBXBuildFile; fileRef = 317740642C8B5BC4001C6096 /* Assets.xcassets */; };
		317740682C8B5BC4001C6096 /* Preview Assets.xcassets in Resources */ = {isa = PBXBuildFile; fileRef = 317740672C8B5BC4001C6096 /* Preview Assets.xcassets */; };
		317740722C8B5BC4001C6096 /* GHHG_Envision_Hartford_DraftTests.swift in Sources */ = {isa = PBXBuildFile; fileRef = 317740712C8B5BC4001C6096 /* GHHG_Envision_Hartford_DraftTests.swift */; };
		3177407C2C8B5BC4001C6096 /* GHHG_Envision_Hartford_DraftUITests.swift in Sources */ = {isa = PBXBuildFile; fileRef = 3177407B2C8B5BC4001C6096 /* GHHG_Envision_Hartford_DraftUITests.swift */; };
		3177407E2C8B5BC4001C6096 /* GHHG_Envision_Hartford_DraftUITestsLaunchTests.swift in Sources */ = {isa = PBXBuildFile; fileRef = 3177407D2C8B5BC4001C6096 /* GHHG_Envision_Hartford_DraftUITestsLaunchTests.swift */; };
		31B54D6E2CD82502003D136E /* HealthEducation.swift in Sources */ = {isa = PBXBuildFile; fileRef = 31B54D6D2CD824F6003D136E /* HealthEducation.swift */; };
		31B54D702CD82D6E003D136E /* VisionCare.swift in Sources */ = {isa = PBXBuildFile; fileRef = 31B54D6F2CD82D68003D136E /* VisionCare.swift */; };
		31B54D722CD82E09003D136E /* HartfordEyecareProvider.swift in Sources */ = {isa = PBXBuildFile; fileRef = 31B54D712CD82E03003D136E /* HartfordEyecareProvider.swift */; };
		31B54D742CDB1147003D136E /* eyeimage.swift in Sources */ = {isa = PBXBuildFile; fileRef = 31B54D732CDB113C003D136E /* eyeimage.swift */; };
		31B54D762CDB3354003D136E /* myopia.swift in Sources */ = {isa = PBXBuildFile; fileRef = 31B54D752CDB334F003D136E /* myopia.swift */; };
		31B54D7A2CDB3D26003D136E /* MyopiaInfo.swift in Sources */ = {isa = PBXBuildFile; fileRef = 31B54D792CDB3D22003D136E /* MyopiaInfo.swift */; };
		31B54D802CE048AA003D136E /* EyeFactDaily.swift in Sources */ = {isa = PBXBuildFile; fileRef = 31B54D7F2CE048A6003D136E /* EyeFactDaily.swift */; };
		31B54D822CE064D4003D136E /* GHHG_Envision_Hartford_DraftApp.swift in Sources */ = {isa = PBXBuildFile; fileRef = 31B54D812CE064D4003D136E /* GHHG_Envision_Hartford_DraftApp.swift */; };
		31B54D932CE2DED2003D136E /* browneye.swift in Sources */ = {isa = PBXBuildFile; fileRef = 31B54D922CE2DECE003D136E /* browneye.swift */; };
/* End PBXBuildFile section */

/* Begin PBXContainerItemProxy section */
		3177406E2C8B5BC4001C6096 /* PBXContainerItemProxy */ = {
			isa = PBXContainerItemProxy;
			containerPortal = 317740552C8B5BC2001C6096 /* Project object */;
			proxyType = 1;
			remoteGlobalIDString = 3177405C2C8B5BC2001C6096;
			remoteInfo = "GHHG Envision Hartford Draft";
		};
		317740782C8B5BC4001C6096 /* PBXContainerItemProxy */ = {
			isa = PBXContainerItemProxy;
			containerPortal = 317740552C8B5BC2001C6096 /* Project object */;
			proxyType = 1;
			remoteGlobalIDString = 3177405C2C8B5BC2001C6096;
			remoteInfo = "GHHG Envision Hartford Draft";
		};
/* End PBXContainerItemProxy section */

/* Begin PBXFileReference section */
		312A7D4B2CE95533001E5DD7 /* myopia2.swift */ = {isa = PBXFileReference; lastKnownFileType = sourcecode.swift; path = myopia2.swift; sourceTree = "<group>"; };
		312A7D4F2CE95681001E5DD7 /* astigmatism.swift */ = {isa = PBXFileReference; lastKnownFileType = sourcecode.swift; path = astigmatism.swift; sourceTree = "<group>"; };
		312A7D512CE956AB001E5DD7 /* astigmatism2.swift */ = {isa = PBXFileReference; lastKnownFileType = sourcecode.swift; path = astigmatism2.swift; sourceTree = "<group>"; };
		312A7D532CE95DB3001E5DD7 /* amblyopia.swift */ = {isa = PBXFileReference; lastKnownFileType = sourcecode.swift; path = amblyopia.swift; sourceTree = "<group>"; };
		312A7D552CEAE3DD001E5DD7 /* amblyopia2.swift */ = {isa = PBXFileReference; lastKnownFileType = sourcecode.swift; path = amblyopia2.swift; sourceTree = "<group>"; };
		312A7D572CEBDDDB001E5DD7 /* vt.swift */ = {isa = PBXFileReference; lastKnownFileType = sourcecode.swift; path = vt.swift; sourceTree = "<group>"; };
		312A7D592CEBDEEF001E5DD7 /* vt2.swift */ = {isa = PBXFileReference; lastKnownFileType = sourcecode.swift; path = vt2.swift; sourceTree = "<group>"; };
		312A7D5B2CEBE2D8001E5DD7 /* MyopiaInfo2.swift */ = {isa = PBXFileReference; lastKnownFileType = sourcecode.swift; path = MyopiaInfo2.swift; sourceTree = "<group>"; };
		312A7D5D2CEBE3F6001E5DD7 /* AmblyopiaInfo.swift */ = {isa = PBXFileReference; lastKnownFileType = sourcecode.swift; path = AmblyopiaInfo.swift; sourceTree = "<group>"; };
		312A7D5F2CEBE43A001E5DD7 /* AmblyopiaInfo2.swift */ = {isa = PBXFileReference; lastKnownFileType = sourcecode.swift; path = AmblyopiaInfo2.swift; sourceTree = "<group>"; };
		312A7D612CEBE464001E5DD7 /* AstigmatismInfo.swift */ = {isa = PBXFileReference; lastKnownFileType = sourcecode.swift; path = AstigmatismInfo.swift; sourceTree = "<group>"; };
		312A7D632CEBE4A0001E5DD7 /* AstigmatismInfo2.swift */ = {isa = PBXFileReference; lastKnownFileType = sourcecode.swift; path = AstigmatismInfo2.swift; sourceTree = "<group>"; };
		312A7D652CEBE4CC001E5DD7 /* VTInfo.swift */ = {isa = PBXFileReference; lastKnownFileType = sourcecode.swift; path = VTInfo.swift; sourceTree = "<group>"; };
		312A7D672CEBE4F0001E5DD7 /* VTInfo2.swift */ = {isa = PBXFileReference; lastKnownFileType = sourcecode.swift; path = VTInfo2.swift; sourceTree = "<group>"; };
		3177405D2C8B5BC2001C6096 /* GHHG Envision Hartford Draft.app */ = {isa = PBXFileReference; explicitFileType = wrapper.application; includeInIndex = 0; path = "GHHG Envision Hartford Draft.app"; sourceTree = BUILT_PRODUCTS_DIR; };
		317740622C8B5BC2001C6096 /* ContentView.swift */ = {isa = PBXFileReference; lastKnownFileType = sourcecode.swift; path = ContentView.swift; sourceTree = "<group>"; };
		317740642C8B5BC4001C6096 /* Assets.xcassets */ = {isa = PBXFileReference; lastKnownFileType = folder.assetcatalog; path = Assets.xcassets; sourceTree = "<group>"; };
		317740672C8B5BC4001C6096 /* Preview Assets.xcassets */ = {isa = PBXFileReference; lastKnownFileType = folder.assetcatalog; path = "Preview Assets.xcassets"; sourceTree = "<group>"; };
		3177406D2C8B5BC4001C6096 /* GHHG Envision Hartford DraftTests.xctest */ = {isa = PBXFileReference; explicitFileType = wrapper.cfbundle; includeInIndex = 0; path = "GHHG Envision Hartford DraftTests.xctest"; sourceTree = BUILT_PRODUCTS_DIR; };
		317740712C8B5BC4001C6096 /* GHHG_Envision_Hartford_DraftTests.swift */ = {isa = PBXFileReference; lastKnownFileType = sourcecode.swift; path = GHHG_Envision_Hartford_DraftTests.swift; sourceTree = "<group>"; };
		317740772C8B5BC4001C6096 /* GHHG Envision Hartford DraftUITests.xctest */ = {isa = PBXFileReference; explicitFileType = wrapper.cfbundle; includeInIndex = 0; path = "GHHG Envision Hartford DraftUITests.xctest"; sourceTree = BUILT_PRODUCTS_DIR; };
		3177407B2C8B5BC4001C6096 /* GHHG_Envision_Hartford_DraftUITests.swift */ = {isa = PBXFileReference; lastKnownFileType = sourcecode.swift; path = GHHG_Envision_Hartford_DraftUITests.swift; sourceTree = "<group>"; };
		3177407D2C8B5BC4001C6096 /* GHHG_Envision_Hartford_DraftUITestsLaunchTests.swift */ = {isa = PBXFileReference; lastKnownFileType = sourcecode.swift; path = GHHG_Envision_Hartford_DraftUITestsLaunchTests.swift; sourceTree = "<group>"; };
		31B54D6D2CD824F6003D136E /* HealthEducation.swift */ = {isa = PBXFileReference; lastKnownFileType = sourcecode.swift; path = HealthEducation.swift; sourceTree = "<group>"; };
		31B54D6F2CD82D68003D136E /* VisionCare.swift */ = {isa = PBXFileReference; lastKnownFileType = sourcecode.swift; path = VisionCare.swift; sourceTree = "<group>"; };
		31B54D712CD82E03003D136E /* HartfordEyecareProvider.swift */ = {isa = PBXFileReference; lastKnownFileType = sourcecode.swift; path = HartfordEyecareProvider.swift; sourceTree = "<group>"; };
		31B54D732CDB113C003D136E /* eyeimage.swift */ = {isa = PBXFileReference; lastKnownFileType = sourcecode.swift; path = eyeimage.swift; sourceTree = "<group>"; };
		31B54D752CDB334F003D136E /* myopia.swift */ = {isa = PBXFileReference; lastKnownFileType = sourcecode.swift; path = myopia.swift; sourceTree = "<group>"; };
		31B54D792CDB3D22003D136E /* MyopiaInfo.swift */ = {isa = PBXFileReference; lastKnownFileType = sourcecode.swift; path = MyopiaInfo.swift; sourceTree = "<group>"; };
		31B54D7F2CE048A6003D136E /* EyeFactDaily.swift */ = {isa = PBXFileReference; lastKnownFileType = sourcecode.swift; path = EyeFactDaily.swift; sourceTree = "<group>"; };
		31B54D812CE064D4003D136E /* GHHG_Envision_Hartford_DraftApp.swift */ = {isa = PBXFileReference; lastKnownFileType = sourcecode.swift; path = GHHG_Envision_Hartford_DraftApp.swift; sourceTree = "<group>"; };
		31B54D922CE2DECE003D136E /* browneye.swift */ = {isa = PBXFileReference; lastKnownFileType = sourcecode.swift; path = browneye.swift; sourceTree = "<group>"; };
/* End PBXFileReference section */

/* Begin PBXFrameworksBuildPhase section */
		3177405A2C8B5BC2001C6096 /* Frameworks */ = {
			isa = PBXFrameworksBuildPhase;
			buildActionMask = 2147483647;
			files = (
			);
			runOnlyForDeploymentPostprocessing = 0;
		};
		3177406A2C8B5BC4001C6096 /* Frameworks */ = {
			isa = PBXFrameworksBuildPhase;
			buildActionMask = 2147483647;
			files = (
			);
			runOnlyForDeploymentPostprocessing = 0;
		};
		317740742C8B5BC4001C6096 /* Frameworks */ = {
			isa = PBXFrameworksBuildPhase;
			buildActionMask = 2147483647;
			files = (
			);
			runOnlyForDeploymentPostprocessing = 0;
		};
/* End PBXFrameworksBuildPhase section */

/* Begin PBXGroup section */
		317740542C8B5BC2001C6096 = {
			isa = PBXGroup;
			children = (
				3177405F2C8B5BC2001C6096 /* GHHG Envision Hartford Draft */,
				317740702C8B5BC4001C6096 /* GHHG Envision Hartford DraftTests */,
				3177407A2C8B5BC4001C6096 /* GHHG Envision Hartford DraftUITests */,
				3177405E2C8B5BC2001C6096 /* Products */,
			);
			sourceTree = "<group>";
		};
		3177405E2C8B5BC2001C6096 /* Products */ = {
			isa = PBXGroup;
			children = (
				3177405D2C8B5BC2001C6096 /* GHHG Envision Hartford Draft.app */,
				3177406D2C8B5BC4001C6096 /* GHHG Envision Hartford DraftTests.xctest */,
				317740772C8B5BC4001C6096 /* GHHG Envision Hartford DraftUITests.xctest */,
			);
			name = Products;
			sourceTree = "<group>";
		};
		3177405F2C8B5BC2001C6096 /* GHHG Envision Hartford Draft */ = {
			isa = PBXGroup;
			children = (
				31B54D712CD82E03003D136E /* HartfordEyecareProvider.swift */,
				31B54D7F2CE048A6003D136E /* EyeFactDaily.swift */,
				31B54D6F2CD82D68003D136E /* VisionCare.swift */,
				31B54D6D2CD824F6003D136E /* HealthEducation.swift */,
				31B54D812CE064D4003D136E /* GHHG_Envision_Hartford_DraftApp.swift */,
				317740622C8B5BC2001C6096 /* ContentView.swift */,
				317740642C8B5BC4001C6096 /* Assets.xcassets */,
				312A7D592CEBDEEF001E5DD7 /* vt2.swift */,
				312A7D672CEBE4F0001E5DD7 /* VTInfo2.swift */,
				312A7D572CEBDDDB001E5DD7 /* vt.swift */,
				312A7D652CEBE4CC001E5DD7 /* VTInfo.swift */,
				312A7D5F2CEBE43A001E5DD7 /* AmblyopiaInfo2.swift */,
				312A7D552CEAE3DD001E5DD7 /* amblyopia2.swift */,
				312A7D5D2CEBE3F6001E5DD7 /* AmblyopiaInfo.swift */,
				312A7D532CE95DB3001E5DD7 /* amblyopia.swift */,
				312A7D632CEBE4A0001E5DD7 /* AstigmatismInfo2.swift */,
				312A7D512CE956AB001E5DD7 /* astigmatism2.swift */,
				312A7D612CEBE464001E5DD7 /* AstigmatismInfo.swift */,
				312A7D4F2CE95681001E5DD7 /* astigmatism.swift */,
				312A7D5B2CEBE2D8001E5DD7 /* MyopiaInfo2.swift */,
				312A7D4B2CE95533001E5DD7 /* myopia2.swift */,
				31B54D792CDB3D22003D136E /* MyopiaInfo.swift */,
				31B54D752CDB334F003D136E /* myopia.swift */,
				31B54D922CE2DECE003D136E /* browneye.swift */,
				31B54D732CDB113C003D136E /* eyeimage.swift */,
				317740662C8B5BC4001C6096 /* Preview Content */,
			);
			path = "GHHG Envision Hartford Draft";
			sourceTree = "<group>";
		};
		317740662C8B5BC4001C6096 /* Preview Content */ = {
			isa = PBXGroup;
			children = (
				317740672C8B5BC4001C6096 /* Preview Assets.xcassets */,
			);
			path = "Preview Content";
			sourceTree = "<group>";
		};
		317740702C8B5BC4001C6096 /* GHHG Envision Hartford DraftTests */ = {
			isa = PBXGroup;
			children = (
				317740712C8B5BC4001C6096 /* GHHG_Envision_Hartford_DraftTests.swift */,
			);
			path = "GHHG Envision Hartford DraftTests";
			sourceTree = "<group>";
		};
		3177407A2C8B5BC4001C6096 /* GHHG Envision Hartford DraftUITests */ = {
			isa = PBXGroup;
			children = (
				3177407B2C8B5BC4001C6096 /* GHHG_Envision_Hartford_DraftUITests.swift */,
				3177407D2C8B5BC4001C6096 /* GHHG_Envision_Hartford_DraftUITestsLaunchTests.swift */,
			);
			path = "GHHG Envision Hartford DraftUITests";
			sourceTree = "<group>";
		};
/* End PBXGroup section */

/* Begin PBXNativeTarget section */
		3177405C2C8B5BC2001C6096 /* GHHG Envision Hartford Draft */ = {
			isa = PBXNativeTarget;
			buildConfigurationList = 317740812C8B5BC4001C6096 /* Build configuration list for PBXNativeTarget "GHHG Envision Hartford Draft" */;
			buildPhases = (
				317740592C8B5BC2001C6096 /* Sources */,
				3177405A2C8B5BC2001C6096 /* Frameworks */,
				3177405B2C8B5BC2001C6096 /* Resources */,
			);
			buildRules = (
			);
			dependencies = (
			);
			name = "GHHG Envision Hartford Draft";
			productName = "GHHG Envision Hartford Draft";
			productReference = 3177405D2C8B5BC2001C6096 /* GHHG Envision Hartford Draft.app */;
			productType = "com.apple.product-type.application";
		};
		3177406C2C8B5BC4001C6096 /* GHHG Envision Hartford DraftTests */ = {
			isa = PBXNativeTarget;
			buildConfigurationList = 317740842C8B5BC4001C6096 /* Build configuration list for PBXNativeTarget "GHHG Envision Hartford DraftTests" */;
			buildPhases = (
				317740692C8B5BC4001C6096 /* Sources */,
				3177406A2C8B5BC4001C6096 /* Frameworks */,
				3177406B2C8B5BC4001C6096 /* Resources */,
			);
			buildRules = (
			);
			dependencies = (
				3177406F2C8B5BC4001C6096 /* PBXTargetDependency */,
			);
			name = "GHHG Envision Hartford DraftTests";
			productName = "GHHG Envision Hartford DraftTests";
			productReference = 3177406D2C8B5BC4001C6096 /* GHHG Envision Hartford DraftTests.xctest */;
			productType = "com.apple.product-type.bundle.unit-test";
		};
		317740762C8B5BC4001C6096 /* GHHG Envision Hartford DraftUITests */ = {
			isa = PBXNativeTarget;
			buildConfigurationList = 317740872C8B5BC4001C6096 /* Build configuration list for PBXNativeTarget "GHHG Envision Hartford DraftUITests" */;
			buildPhases = (
				317740732C8B5BC4001C6096 /* Sources */,
				317740742C8B5BC4001C6096 /* Frameworks */,
				317740752C8B5BC4001C6096 /* Resources */,
			);
			buildRules = (
			);
			dependencies = (
				317740792C8B5BC4001C6096 /* PBXTargetDependency */,
			);
			name = "GHHG Envision Hartford DraftUITests";
			productName = "GHHG Envision Hartford DraftUITests";
			productReference = 317740772C8B5BC4001C6096 /* GHHG Envision Hartford DraftUITests.xctest */;
			productType = "com.apple.product-type.bundle.ui-testing";
		};
/* End PBXNativeTarget section */

/* Begin PBXProject section */
		317740552C8B5BC2001C6096 /* Project object */ = {
			isa = PBXProject;
			attributes = {
				BuildIndependentTargetsInParallel = 1;
				LastSwiftUpdateCheck = 1540;
				LastUpgradeCheck = 1610;
				TargetAttributes = {
					3177405C2C8B5BC2001C6096 = {
						CreatedOnToolsVersion = 15.4;
					};
					3177406C2C8B5BC4001C6096 = {
						CreatedOnToolsVersion = 15.4;
						TestTargetID = 3177405C2C8B5BC2001C6096;
					};
					317740762C8B5BC4001C6096 = {
						CreatedOnToolsVersion = 15.4;
						TestTargetID = 3177405C2C8B5BC2001C6096;
					};
				};
			};
			buildConfigurationList = 317740582C8B5BC2001C6096 /* Build configuration list for PBXProject "GHHG Envision Hartford Draft" */;
			compatibilityVersion = "Xcode 14.0";
			developmentRegion = en;
			hasScannedForEncodings = 0;
			knownRegions = (
				en,
				Base,
			);
			mainGroup = 317740542C8B5BC2001C6096;
			productRefGroup = 3177405E2C8B5BC2001C6096 /* Products */;
			projectDirPath = "";
			projectRoot = "";
			targets = (
				3177405C2C8B5BC2001C6096 /* GHHG Envision Hartford Draft */,
				3177406C2C8B5BC4001C6096 /* GHHG Envision Hartford DraftTests */,
				317740762C8B5BC4001C6096 /* GHHG Envision Hartford DraftUITests */,
			);
		};
/* End PBXProject section */

/* Begin PBXResourcesBuildPhase section */
		3177405B2C8B5BC2001C6096 /* Resources */ = {
			isa = PBXResourcesBuildPhase;
			buildActionMask = 2147483647;
			files = (
				317740682C8B5BC4001C6096 /* Preview Assets.xcassets in Resources */,
				317740652C8B5BC4001C6096 /* Assets.xcassets in Resources */,
			);
			runOnlyForDeploymentPostprocessing = 0;
		};
		3177406B2C8B5BC4001C6096 /* Resources */ = {
			isa = PBXResourcesBuildPhase;
			buildActionMask = 2147483647;
			files = (
			);
			runOnlyForDeploymentPostprocessing = 0;
		};
		317740752C8B5BC4001C6096 /* Resources */ = {
			isa = PBXResourcesBuildPhase;
			buildActionMask = 2147483647;
			files = (
			);
			runOnlyForDeploymentPostprocessing = 0;
		};
/* End PBXResourcesBuildPhase section */

/* Begin PBXSourcesBuildPhase section */
		317740592C8B5BC2001C6096 /* Sources */ = {
			isa = PBXSourcesBuildPhase;
			buildActionMask = 2147483647;
			files = (
				317740632C8B5BC2001C6096 /* ContentView.swift in Sources */,
				312A7D522CE956AE001E5DD7 /* astigmatism2.swift in Sources */,
				312A7D542CE95DB6001E5DD7 /* amblyopia.swift in Sources */,
				312A7D602CEBE43F001E5DD7 /* AmblyopiaInfo2.swift in Sources */,
				31B54D6E2CD82502003D136E /* HealthEducation.swift in Sources */,
				31B54D762CDB3354003D136E /* myopia.swift in Sources */,
				312A7D622CEBE46A001E5DD7 /* AstigmatismInfo.swift in Sources */,
				312A7D5C2CEBE2DE001E5DD7 /* MyopiaInfo2.swift in Sources */,
				31B54D702CD82D6E003D136E /* VisionCare.swift in Sources */,
				312A7D562CEAE3E0001E5DD7 /* amblyopia2.swift in Sources */,
				312A7D4C2CE95539001E5DD7 /* myopia2.swift in Sources */,
				312A7D5E2CEBE405001E5DD7 /* AmblyopiaInfo.swift in Sources */,
				31B54D742CDB1147003D136E /* eyeimage.swift in Sources */,
				31B54D722CD82E09003D136E /* HartfordEyecareProvider.swift in Sources */,
				312A7D502CE95684001E5DD7 /* astigmatism.swift in Sources */,
				31B54D932CE2DED2003D136E /* browneye.swift in Sources */,
				312A7D682CEBE4FA001E5DD7 /* VTInfo2.swift in Sources */,
				312A7D642CEBE4A4001E5DD7 /* AstigmatismInfo2.swift in Sources */,
				31B54D7A2CDB3D26003D136E /* MyopiaInfo.swift in Sources */,
				312A7D5A2CEBDEF1001E5DD7 /* vt2.swift in Sources */,
				312A7D662CEBE4D1001E5DD7 /* VTInfo.swift in Sources */,
				312A7D582CEBDE04001E5DD7 /* vt.swift in Sources */,
				31B54D802CE048AA003D136E /* EyeFactDaily.swift in Sources */,
				31B54D822CE064D4003D136E /* GHHG_Envision_Hartford_DraftApp.swift in Sources */,
			);
			runOnlyForDeploymentPostprocessing = 0;
		};
		317740692C8B5BC4001C6096 /* Sources */ = {
			isa = PBXSourcesBuildPhase;
			buildActionMask = 2147483647;
			files = (
				317740722C8B5BC4001C6096 /* GHHG_Envision_Hartford_DraftTests.swift in Sources */,
			);
			runOnlyForDeploymentPostprocessing = 0;
		};
		317740732C8B5BC4001C6096 /* Sources */ = {
			isa = PBXSourcesBuildPhase;
			buildActionMask = 2147483647;
			files = (
				3177407C2C8B5BC4001C6096 /* GHHG_Envision_Hartford_DraftUITests.swift in Sources */,
				3177407E2C8B5BC4001C6096 /* GHHG_Envision_Hartford_DraftUITestsLaunchTests.swift in Sources */,
			);
			runOnlyForDeploymentPostprocessing = 0;
		};
/* End PBXSourcesBuildPhase section */

/* Begin PBXTargetDependency section */
		3177406F2C8B5BC4001C6096 /* PBXTargetDependency */ = {
			isa = PBXTargetDependency;
			target = 3177405C2C8B5BC2001C6096 /* GHHG Envision Hartford Draft */;
			targetProxy = 3177406E2C8B5BC4001C6096 /* PBXContainerItemProxy */;
		};
		317740792C8B5BC4001C6096 /* PBXTargetDependency */ = {
			isa = PBXTargetDependency;
			target = 3177405C2C8B5BC2001C6096 /* GHHG Envision Hartford Draft */;
			targetProxy = 317740782C8B5BC4001C6096 /* PBXContainerItemProxy */;
		};
/* End PBXTargetDependency section */

/* Begin XCBuildConfiguration section */
		3177407F2C8B5BC4001C6096 /* Debug */ = {
			isa = XCBuildConfiguration;
			buildSettings = {
				ALWAYS_SEARCH_USER_PATHS = NO;
				ASSETCATALOG_COMPILER_GENERATE_SWIFT_ASSET_SYMBOL_EXTENSIONS = YES;
				CLANG_ANALYZER_NONNULL = YES;
				CLANG_ANALYZER_NUMBER_OBJECT_CONVERSION = YES_AGGRESSIVE;
				CLANG_CXX_LANGUAGE_STANDARD = "gnu++20";
				CLANG_ENABLE_MODULES = YES;
				CLANG_ENABLE_OBJC_ARC = YES;
				CLANG_ENABLE_OBJC_WEAK = YES;
				CLANG_WARN_BLOCK_CAPTURE_AUTORELEASING = YES;
				CLANG_WARN_BOOL_CONVERSION = YES;
				CLANG_WARN_COMMA = YES;
				CLANG_WARN_CONSTANT_CONVERSION = YES;
				CLANG_WARN_DEPRECATED_OBJC_IMPLEMENTATIONS = YES;
				CLANG_WARN_DIRECT_OBJC_ISA_USAGE = YES_ERROR;
				CLANG_WARN_DOCUMENTATION_COMMENTS = YES;
				CLANG_WARN_EMPTY_BODY = YES;
				CLANG_WARN_ENUM_CONVERSION = YES;
				CLANG_WARN_INFINITE_RECURSION = YES;
				CLANG_WARN_INT_CONVERSION = YES;
				CLANG_WARN_NON_LITERAL_NULL_CONVERSION = YES;
				CLANG_WARN_OBJC_IMPLICIT_RETAIN_SELF = YES;
				CLANG_WARN_OBJC_LITERAL_CONVERSION = YES;
				CLANG_WARN_OBJC_ROOT_CLASS = YES_ERROR;
				CLANG_WARN_QUOTED_INCLUDE_IN_FRAMEWORK_HEADER = YES;
				CLANG_WARN_RANGE_LOOP_ANALYSIS = YES;
				CLANG_WARN_STRICT_PROTOTYPES = YES;
				CLANG_WARN_SUSPICIOUS_MOVE = YES;
				CLANG_WARN_UNGUARDED_AVAILABILITY = YES_AGGRESSIVE;
				CLANG_WARN_UNREACHABLE_CODE = YES;
				CLANG_WARN__DUPLICATE_METHOD_MATCH = YES;
				COPY_PHASE_STRIP = NO;
				DEBUG_INFORMATION_FORMAT = dwarf;
				ENABLE_STRICT_OBJC_MSGSEND = YES;
				ENABLE_TESTABILITY = YES;
				ENABLE_USER_SCRIPT_SANDBOXING = YES;
				GCC_C_LANGUAGE_STANDARD = gnu17;
				GCC_DYNAMIC_NO_PIC = NO;
				GCC_NO_COMMON_BLOCKS = YES;
				GCC_OPTIMIZATION_LEVEL = 0;
				GCC_PREPROCESSOR_DEFINITIONS = (
					"DEBUG=1",
					"$(inherited)",
				);
				GCC_WARN_64_TO_32_BIT_CONVERSION = YES;
				GCC_WARN_ABOUT_RETURN_TYPE = YES_ERROR;
				GCC_WARN_UNDECLARED_SELECTOR = YES;
				GCC_WARN_UNINITIALIZED_AUTOS = YES_AGGRESSIVE;
				GCC_WARN_UNUSED_FUNCTION = YES;
				GCC_WARN_UNUSED_VARIABLE = YES;
				IPHONEOS_DEPLOYMENT_TARGET = 17.5;
				LOCALIZATION_PREFERS_STRING_CATALOGS = YES;
				MTL_ENABLE_DEBUG_INFO = INCLUDE_SOURCE;
				MTL_FAST_MATH = YES;
				ONLY_ACTIVE_ARCH = YES;
				SDKROOT = iphoneos;
				SWIFT_ACTIVE_COMPILATION_CONDITIONS = "DEBUG $(inherited)";
				SWIFT_OPTIMIZATION_LEVEL = "-Onone";
			};
			name = Debug;
		};
		317740802C8B5BC4001C6096 /* Release */ = {
			isa = XCBuildConfiguration;
			buildSettings = {
				ALWAYS_SEARCH_USER_PATHS = NO;
				ASSETCATALOG_COMPILER_GENERATE_SWIFT_ASSET_SYMBOL_EXTENSIONS = YES;
				CLANG_ANALYZER_NONNULL = YES;
				CLANG_ANALYZER_NUMBER_OBJECT_CONVERSION = YES_AGGRESSIVE;
				CLANG_CXX_LANGUAGE_STANDARD = "gnu++20";
				CLANG_ENABLE_MODULES = YES;
				CLANG_ENABLE_OBJC_ARC = YES;
				CLANG_ENABLE_OBJC_WEAK = YES;
				CLANG_WARN_BLOCK_CAPTURE_AUTORELEASING = YES;
				CLANG_WARN_BOOL_CONVERSION = YES;
				CLANG_WARN_COMMA = YES;
				CLANG_WARN_CONSTANT_CONVERSION = YES;
				CLANG_WARN_DEPRECATED_OBJC_IMPLEMENTATIONS = YES;
				CLANG_WARN_DIRECT_OBJC_ISA_USAGE = YES_ERROR;
				CLANG_WARN_DOCUMENTATION_COMMENTS = YES;
				CLANG_WARN_EMPTY_BODY = YES;
				CLANG_WARN_ENUM_CONVERSION = YES;
				CLANG_WARN_INFINITE_RECURSION = YES;
				CLANG_WARN_INT_CONVERSION = YES;
				CLANG_WARN_NON_LITERAL_NULL_CONVERSION = YES;
				CLANG_WARN_OBJC_IMPLICIT_RETAIN_SELF = YES;
				CLANG_WARN_OBJC_LITERAL_CONVERSION = YES;
				CLANG_WARN_OBJC_ROOT_CLASS = YES_ERROR;
				CLANG_WARN_QUOTED_INCLUDE_IN_FRAMEWORK_HEADER = YES;
				CLANG_WARN_RANGE_LOOP_ANALYSIS = YES;
				CLANG_WARN_STRICT_PROTOTYPES = YES;
				CLANG_WARN_SUSPICIOUS_MOVE = YES;
				CLANG_WARN_UNGUARDED_AVAILABILITY = YES_AGGRESSIVE;
				CLANG_WARN_UNREACHABLE_CODE = YES;
				CLANG_WARN__DUPLICATE_METHOD_MATCH = YES;
				COPY_PHASE_STRIP = NO;
				DEBUG_INFORMATION_FORMAT = "dwarf-with-dsym";
				ENABLE_NS_ASSERTIONS = NO;
				ENABLE_STRICT_OBJC_MSGSEND = YES;
				ENABLE_USER_SCRIPT_SANDBOXING = YES;
				GCC_C_LANGUAGE_STANDARD = gnu17;
				GCC_NO_COMMON_BLOCKS = YES;
				GCC_WARN_64_TO_32_BIT_CONVERSION = YES;
				GCC_WARN_ABOUT_RETURN_TYPE = YES_ERROR;
				GCC_WARN_UNDECLARED_SELECTOR = YES;
				GCC_WARN_UNINITIALIZED_AUTOS = YES_AGGRESSIVE;
				GCC_WARN_UNUSED_FUNCTION = YES;
				GCC_WARN_UNUSED_VARIABLE = YES;
				IPHONEOS_DEPLOYMENT_TARGET = 17.5;
				LOCALIZATION_PREFERS_STRING_CATALOGS = YES;
				MTL_ENABLE_DEBUG_INFO = NO;
				MTL_FAST_MATH = YES;
				SDKROOT = iphoneos;
				SWIFT_COMPILATION_MODE = wholemodule;
				VALIDATE_PRODUCT = YES;
			};
			name = Release;
		};
		317740822C8B5BC4001C6096 /* Debug */ = {
			isa = XCBuildConfiguration;
			buildSettings = {
				ASSETCATALOG_COMPILER_APPICON_NAME = AppIcon;
				ASSETCATALOG_COMPILER_GLOBAL_ACCENT_COLOR_NAME = AccentColor;
				CODE_SIGN_STYLE = Automatic;
				CURRENT_PROJECT_VERSION = 1;
				DEVELOPMENT_ASSET_PATHS = "\"GHHG Envision Hartford Draft/Preview Content\"";
				DEVELOPMENT_TEAM = BY347ZWQ2H;
				ENABLE_PREVIEWS = YES;
				GENERATE_INFOPLIST_FILE = YES;
				INFOPLIST_KEY_UIApplicationSceneManifest_Generation = YES;
				INFOPLIST_KEY_UIApplicationSupportsIndirectInputEvents = YES;
				INFOPLIST_KEY_UILaunchScreen_Generation = YES;
				INFOPLIST_KEY_UISupportedInterfaceOrientations_iPad = "UIInterfaceOrientationPortrait UIInterfaceOrientationPortraitUpsideDown UIInterfaceOrientationLandscapeLeft UIInterfaceOrientationLandscapeRight";
				INFOPLIST_KEY_UISupportedInterfaceOrientations_iPhone = "UIInterfaceOrientationPortrait UIInterfaceOrientationLandscapeLeft UIInterfaceOrientationLandscapeRight";
				LD_RUNPATH_SEARCH_PATHS = (
					"$(inherited)",
					"@executable_path/Frameworks",
				);
				MARKETING_VERSION = 1.0;
				PRODUCT_BUNDLE_IDENTIFIER = "Envision-Hartford.GHHG-Envision-Hartford-Draft";
				PRODUCT_NAME = "$(TARGET_NAME)";
				SWIFT_EMIT_LOC_STRINGS = YES;
				SWIFT_VERSION = 5.0;
				TARGETED_DEVICE_FAMILY = "1,2";
			};
			name = Debug;
		};
		317740832C8B5BC4001C6096 /* Release */ = {
			isa = XCBuildConfiguration;
			buildSettings = {
				ASSETCATALOG_COMPILER_APPICON_NAME = AppIcon;
				ASSETCATALOG_COMPILER_GLOBAL_ACCENT_COLOR_NAME = AccentColor;
				CODE_SIGN_STYLE = Automatic;
				CURRENT_PROJECT_VERSION = 1;
				DEVELOPMENT_ASSET_PATHS = "\"GHHG Envision Hartford Draft/Preview Content\"";
				DEVELOPMENT_TEAM = BY347ZWQ2H;
				ENABLE_PREVIEWS = YES;
				GENERATE_INFOPLIST_FILE = YES;
				INFOPLIST_KEY_UIApplicationSceneManifest_Generation = YES;
				INFOPLIST_KEY_UIApplicationSupportsIndirectInputEvents = YES;
				INFOPLIST_KEY_UILaunchScreen_Generation = YES;
				INFOPLIST_KEY_UISupportedInterfaceOrientations_iPad = "UIInterfaceOrientationPortrait UIInterfaceOrientationPortraitUpsideDown UIInterfaceOrientationLandscapeLeft UIInterfaceOrientationLandscapeRight";
				INFOPLIST_KEY_UISupportedInterfaceOrientations_iPhone = "UIInterfaceOrientationPortrait UIInterfaceOrientationLandscapeLeft UIInterfaceOrientationLandscapeRight";
				LD_RUNPATH_SEARCH_PATHS = (
					"$(inherited)",
					"@executable_path/Frameworks",
				);
				MARKETING_VERSION = 1.0;
				PRODUCT_BUNDLE_IDENTIFIER = "Envision-Hartford.GHHG-Envision-Hartford-Draft";
				PRODUCT_NAME = "$(TARGET_NAME)";
				SWIFT_EMIT_LOC_STRINGS = YES;
				SWIFT_VERSION = 5.0;
				TARGETED_DEVICE_FAMILY = "1,2";
			};
			name = Release;
		};
		317740852C8B5BC4001C6096 /* Debug */ = {
			isa = XCBuildConfiguration;
			buildSettings = {
				BUNDLE_LOADER = "$(TEST_HOST)";
				CODE_SIGN_STYLE = Automatic;
				CURRENT_PROJECT_VERSION = 1;
				GENERATE_INFOPLIST_FILE = YES;
				IPHONEOS_DEPLOYMENT_TARGET = 17.5;
				MARKETING_VERSION = 1.0;
				PRODUCT_BUNDLE_IDENTIFIER = "Envision-Hartford.GHHG-Envision-Hartford-DraftTests";
				PRODUCT_NAME = "$(TARGET_NAME)";
				SWIFT_EMIT_LOC_STRINGS = NO;
				SWIFT_VERSION = 5.0;
				TARGETED_DEVICE_FAMILY = "1,2";
				TEST_HOST = "$(BUILT_PRODUCTS_DIR)/GHHG Envision Hartford Draft.app/$(BUNDLE_EXECUTABLE_FOLDER_PATH)/GHHG Envision Hartford Draft";
			};
			name = Debug;
		};
		317740862C8B5BC4001C6096 /* Release */ = {
			isa = XCBuildConfiguration;
			buildSettings = {
				BUNDLE_LOADER = "$(TEST_HOST)";
				CODE_SIGN_STYLE = Automatic;
				CURRENT_PROJECT_VERSION = 1;
				GENERATE_INFOPLIST_FILE = YES;
				IPHONEOS_DEPLOYMENT_TARGET = 17.5;
				MARKETING_VERSION = 1.0;
				PRODUCT_BUNDLE_IDENTIFIER = "Envision-Hartford.GHHG-Envision-Hartford-DraftTests";
				PRODUCT_NAME = "$(TARGET_NAME)";
				SWIFT_EMIT_LOC_STRINGS = NO;
				SWIFT_VERSION = 5.0;
				TARGETED_DEVICE_FAMILY = "1,2";
				TEST_HOST = "$(BUILT_PRODUCTS_DIR)/GHHG Envision Hartford Draft.app/$(BUNDLE_EXECUTABLE_FOLDER_PATH)/GHHG Envision Hartford Draft";
			};
			name = Release;
		};
		317740882C8B5BC4001C6096 /* Debug */ = {
			isa = XCBuildConfiguration;
			buildSettings = {
				CODE_SIGN_STYLE = Automatic;
				CURRENT_PROJECT_VERSION = 1;
				GENERATE_INFOPLIST_FILE = YES;
				MARKETING_VERSION = 1.0;
				PRODUCT_BUNDLE_IDENTIFIER = "Envision-Hartford.GHHG-Envision-Hartford-DraftUITests";
				PRODUCT_NAME = "$(TARGET_NAME)";
				SWIFT_EMIT_LOC_STRINGS = NO;
				SWIFT_VERSION = 5.0;
				TARGETED_DEVICE_FAMILY = "1,2";
				TEST_TARGET_NAME = "GHHG Envision Hartford Draft";
			};
			name = Debug;
		};
		317740892C8B5BC4001C6096 /* Release */ = {
			isa = XCBuildConfiguration;
			buildSettings = {
				CODE_SIGN_STYLE = Automatic;
				CURRENT_PROJECT_VERSION = 1;
				GENERATE_INFOPLIST_FILE = YES;
				MARKETING_VERSION = 1.0;
				PRODUCT_BUNDLE_IDENTIFIER = "Envision-Hartford.GHHG-Envision-Hartford-DraftUITests";
				PRODUCT_NAME = "$(TARGET_NAME)";
				SWIFT_EMIT_LOC_STRINGS = NO;
				SWIFT_VERSION = 5.0;
				TARGETED_DEVICE_FAMILY = "1,2";
				TEST_TARGET_NAME = "GHHG Envision Hartford Draft";
			};
			name = Release;
		};
/* End XCBuildConfiguration section */

/* Begin XCConfigurationList section */
		317740582C8B5BC2001C6096 /* Build configuration list for PBXProject "GHHG Envision Hartford Draft" */ = {
			isa = XCConfigurationList;
			buildConfigurations = (
				3177407F2C8B5BC4001C6096 /* Debug */,
				317740802C8B5BC4001C6096 /* Release */,
			);
			defaultConfigurationIsVisible = 0;
			defaultConfigurationName = Release;
		};
		317740812C8B5BC4001C6096 /* Build configuration list for PBXNativeTarget "GHHG Envision Hartford Draft" */ = {
			isa = XCConfigurationList;
			buildConfigurations = (
				317740822C8B5BC4001C6096 /* Debug */,
				317740832C8B5BC4001C6096 /* Release */,
			);
			defaultConfigurationIsVisible = 0;
			defaultConfigurationName = Release;
		};
		317740842C8B5BC4001C6096 /* Build configuration list for PBXNativeTarget "GHHG Envision Hartford DraftTests" */ = {
			isa = XCConfigurationList;
			buildConfigurations = (
				317740852C8B5BC4001C6096 /* Debug */,
				317740862C8B5BC4001C6096 /* Release */,
			);
			defaultConfigurationIsVisible = 0;
			defaultConfigurationName = Release;
		};
		317740872C8B5BC4001C6096 /* Build configuration list for PBXNativeTarget "GHHG Envision Hartford DraftUITests" */ = {
			isa = XCConfigurationList;
			buildConfigurations = (
				317740882C8B5BC4001C6096 /* Debug */,
				317740892C8B5BC4001C6096 /* Release */,
			);
			defaultConfigurationIsVisible = 0;
			defaultConfigurationName = Release;
		};
/* End XCConfigurationList section */
	};
	rootObject = 317740552C8B5BC2001C6096 /* Project object */;
}
